
Microsoft Visual Studio Solution File, Format Version 12.00
# Visual Studio Version 16
VisualStudioVersion = 16.0.29911.84
MinimumVisualStudioVersion = 10.0.40219.1
Project("{FAE04EC0-301F-11D3-BF4B-00C04F79EFBC}") = "DigitalTimer", "DigitalTimer.csproj", "{8E427B5F-704D-4432-AE80-F1A96D00056F}"
EndProject
Global
	GlobalSection(SolutionConfigurationPlatforms) = preSolution
		Debug|Any CPU = Debug|Any CPU
		Release|Any CPU = Release|Any CPU
	EndGlobalSection
	GlobalSection(ProjectConfigurationPlatforms) = postSolution
		{8E427B5F-704D-4432-AE80-F1A96D00056F}.Debug|Any CPU.ActiveCfg = Debug|Any CPU
		{8E427B5F-704D-4432-AE80-F1A96D00056F}.Debug|Any CPU.Build.0 = Debug|Any CPU
		{8E427B5F-704D-4432-AE80-F1A96D00056F}.Release|Any CPU.ActiveCfg = Release|Any CPU
		{8E427B5F-704D-4432-AE80-F1A96D00056F}.Release|Any CPU.Build.0 = Release|Any CPU
	EndGlobalSection
	GlobalSection(SolutionProperties) = preSolution
		HideSolutionNode = FALSE
	EndGlobalSection
	GlobalSection(ExtensibilityGlobals) = postSolution
		SolutionGuid = {990B7171-FFAD-4D92-8C43-02A0EB950F22}
	EndGlobalSection
EndGlobal
